{
  "name": "blog",
  "version": "1.0.0",
  "lockfileVersion": 3,
  "requires": true,
  "packages": {
    "": {
      "name": "blog",
      "version": "1.0.0",
      "license": "ISC",
      "devDependencies": {
        "prettier": "^3.9.6",
        "prettier-plugin-nunjucks": "^0.2.0"
      }
    },
    "node_modules/prettier": {
      "version": "3.9.6",
      "resolved": "https://registry.npmjs.org/prettier/-/prettier-3.9.6.tgz",
      "integrity": "sha512-OpN0zzVdiaiAhxpuuj5efpIS4sY9j7bY6uR5mnj5yPzGkdkjNKSJeUThPb60Jw29QuAZgA4o+/iB49kFiaBX6g==",
      "dev": true,
      "license": "MIT",
      "bin": {
        "prettier": "bin/prettier.cjs"
      },
      "engines": {
        "node": ">=14"
      },
      "funding": {
        "url": "https://github.com/prettier/prettier?sponsor=1"
      }
    },
    "node_modules/prettier-plugin-nunjucks": {
      "version": "0.2.0",
      "resolved": "https://registry.npmjs.org/prettier-plugin-nunjucks/-/prettier-plugin-nunjucks-0.2.0.tgz",
      "integrity": "sha512-uVBFrkEVozpcN78Q++f0x/48uqvuOOLpiIU8cRnjAQYauTEVUEyV1bKDI7xbeTjA5lChpgDzbK2UhAxD6rXdEg==",
      "dev": true,
      "license": "MIT",
      "dependencies": {
        "template-format-core": "^0.1.1"
      },
      "engines": {
        "node": ">=18"
      },
      "peerDependencies": {
        "prettier": ">=3.0.0"
      }
    },
    "node_modules/template-format-core": {
      "version": "0.1.1",
      "resolved": "https://registry.npmjs.org/template-format-core/-/template-format-core-0.1.1.tgz",
      "integrity": "sha512-+Ne2R/sFyP88JIStY3qy1KUD5A5rY8hIjRGC58KQlX7X80Lhc5FHNiD7hPEu5tF+tCszkJt/TTz9l123U6A33g==",
      "dev": true,
      "license": "MIT",
      "engines": {
        "node": ">=18"
      }
    }
  }
}
